
Microsoft Visual Studio Solution File, Format Version 12.00
# Visual Studio Version 16
VisualStudioVersion = 16.0.31729.503
MinimumVisualStudioVersion = 10.0.40219.1
Project("{FAE04EC0-301F-11D3-BF4B-00C04F79EFBC}") = "Designing Desktop Application", "Designing Desktop Application\Designing Desktop Application.csproj", "{61C2749A-BBA1-4F4A-BE25-A05C2E94A3AE}"
EndProject
Global
	GlobalSection(SolutionConfigurationPlatforms) = preSolution
		Debug|Any CPU = Debug|Any CPU
		Release|Any CPU = Release|Any CPU
	EndGlobalSection
	GlobalSection(ProjectConfigurationPlatforms) = postSolution
		{61C2749A-BBA1-4F4A-BE25-A05C2E94A3AE}.Debug|Any CPU.ActiveCfg = Debug|Any CPU
		{61C2749A-BBA1-4F4A-BE25-A05C2E94A3AE}.Debug|Any CPU.Build.0 = Debug|Any CPU
		{61C2749A-BBA1-4F4A-BE25-A05C2E94A3AE}.Release|Any CPU.ActiveCfg = Release|Any CPU
		{61C2749A-BBA1-4F4A-BE25-A05C2E94A3AE}.Release|Any CPU.Build.0 = Release|Any CPU
	EndGlobalSection
	GlobalSection(SolutionProperties) = preSolution
		HideSolutionNode = FALSE
	EndGlobalSection
	GlobalSection(ExtensibilityGlobals) = postSolution
		SolutionGuid = {D5A14A21-4A56-4640-8AD7-006C79E01F71}
	EndGlobalSection
EndGlobal
